
Microsoft Visual Studio Solution File, Format Version 12.00
# Visual Studio Version 17
VisualStudioVersion = 17.9.34616.47
MinimumVisualStudioVersion = 10.0.40219.1
Project("{9A19103F-16F7-4668-BE54-9A1E7A4F7556}") = "Nexus.Samples.Broker", "nexus-broker-sample\Nexus.Samples.Broker.csproj", "{370B7A36-6037-4E20-B844-90147AF29394}"
EndProject
Project("{9A19103F-16F7-4668-BE54-9A1E7A4F7556}") = "Nexus.Samples.Sdk", "Nexus.Samples.Sdk\Nexus.Samples.Sdk.csproj", "{8B14A508-7597-4721-9275-458835DCB49B}"
EndProject
Project("{2150E333-8FDC-42A3-9474-1A3956D46DE8}") = "Solution Items", "Solution Items", "{8A4A0D4F-09F8-4232-A27B-85A3C56FADFA}"
	ProjectSection(SolutionItems) = preProject
		buildDocker.cmd = buildDocker.cmd
		pushDocker.cmd = pushDocker.cmd
		readme.md = readme.md
	EndProjectSection
EndProject
Project("{9A19103F-16F7-4668-BE54-9A1E7A4F7556}") = "Nexus.Samples.MailClient", "Nexus.Samples.MailClient\Nexus.Samples.MailClient.csproj", "{24BCAB05-C759-40F5-A603-BC9D039CDB0C}"
EndProject
Project("{FAE04EC0-301F-11D3-BF4B-00C04F79EFBC}") = "Nexus.Samples.MailService", "Nexus.Samples.MailService\Nexus.Samples.MailService.csproj", "{8F445DC8-559B-4A47-8EAB-04CF75DD6047}"
EndProject
Global
	GlobalSection(SolutionConfigurationPlatforms) = preSolution
		Debug|Any CPU = Debug|Any CPU
		Release|Any CPU = Release|Any CPU
	EndGlobalSection
	GlobalSection(ProjectConfigurationPlatforms) = postSolution
		{370B7A36-6037-4E20-B844-90147AF29394}.Debug|Any CPU.ActiveCfg = Debug|Any CPU
		{370B7A36-6037-4E20-B844-90147AF29394}.Debug|Any CPU.Build.0 = Debug|Any CPU
		{370B7A36-6037-4E20-B844-90147AF29394}.Release|Any CPU.ActiveCfg = Release|Any CPU
		{370B7A36-6037-4E20-B844-90147AF29394}.Release|Any CPU.Build.0 = Release|Any CPU
		{8B14A508-7597-4721-9275-458835DCB49B}.Debug|Any CPU.ActiveCfg = Debug|Any CPU
		{8B14A508-7597-4721-9275-458835DCB49B}.Debug|Any CPU.Build.0 = Debug|Any CPU
		{8B14A508-7597-4721-9275-458835DCB49B}.Release|Any CPU.ActiveCfg = Release|Any CPU
		{8B14A508-7597-4721-9275-458835DCB49B}.Release|Any CPU.Build.0 = Release|Any CPU
		{24BCAB05-C759-40F5-A603-BC9D039CDB0C}.Debug|Any CPU.ActiveCfg = Debug|Any CPU
		{24BCAB05-C759-40F5-A603-BC9D039CDB0C}.Debug|Any CPU.Build.0 = Debug|Any CPU
		{24BCAB05-C759-40F5-A603-BC9D039CDB0C}.Release|Any CPU.ActiveCfg = Release|Any CPU
		{24BCAB05-C759-40F5-A603-BC9D039CDB0C}.Release|Any CPU.Build.0 = Release|Any CPU
		{8F445DC8-559B-4A47-8EAB-04CF75DD6047}.Debug|Any CPU.ActiveCfg = Debug|Any CPU
		{8F445DC8-559B-4A47-8EAB-04CF75DD6047}.Debug|Any CPU.Build.0 = Debug|Any CPU
		{8F445DC8-559B-4A47-8EAB-04CF75DD6047}.Release|Any CPU.ActiveCfg = Release|Any CPU
		{8F445DC8-559B-4A47-8EAB-04CF75DD6047}.Release|Any CPU.Build.0 = Release|Any CPU
	EndGlobalSection
	GlobalSection(SolutionProperties) = preSolution
		HideSolutionNode = FALSE
	EndGlobalSection
	GlobalSection(ExtensibilityGlobals) = postSolution
		SolutionGuid = {07E77197-31BB-467C-895C-CF117CC46268}
	EndGlobalSection
EndGlobal
